<?xml version="1.0" encoding="utf-8"?>
<Project ToolsVersion="4.0" xmlns="http://schemas.microsoft.com/developer/msbuild/2003">
  <ItemGroup>
    <ClCompile Include="TestUdpServer.cpp" />
    <ClCompile Include="pch.cpp" />
    <ClCompile Include="..\Protocol\Src\basic_Protocol.cpp">
      <Filter>protocol_src</Filter>
    </ClCompile>
    <ClCompile Include="..\Protocol\Src\basic_ProtocolHandler.cpp">
      <Filter>protocol_src</Filter>
    </ClCompile>
  </ItemGroup>
  <ItemGroup>
    <ClInclude Include="pch.h" />
    <ClInclude Include="..\Protocol\Src\basic_Protocol.h">
      <Filter>protocol_src</Filter>
    </ClInclude>
    <ClInclude Include="..\Protocol\Src\basic_ProtocolData.h">
      <Filter>protocol_src</Filter>
    </ClInclude>
    <ClInclude Include="..\Protocol\Src\basic_ProtocolHandler.h">
      <Filter>protocol_src</Filter>
    </ClInclude>
  </ItemGroup>
  <ItemGroup>
    <Filter Include="protocol_src">
      <UniqueIdentifier>{2e078d25-ad81-4d09-aa26-19e9e1d6245c}</UniqueIdentifier>
    </Filter>
    <Filter Include="protocol">
      <UniqueIdentifier>{e2e2d09b-7b74-4c2a-a8a5-748343db52a0}</UniqueIdentifier>
    </Filter>
  </ItemGroup>
  <ItemGroup>
    <CustomBuild Include="..\Protocol\basic.prt">
      <Filter>protocol</Filter>
    </CustomBuild>
  </ItemGroup>
</Project>