<?xml version="1.0" encoding="utf-8"?>
<Project ToolsVersion="4.0" xmlns="http://schemas.microsoft.com/developer/msbuild/2003">
  <ItemGroup>
    <Filter Include="chatcore">
      <UniqueIdentifier>{391dac3f-9597-42e1-98fe-d4225c8fdb92}</UniqueIdentifier>
    </Filter>
    <Filter Include="protocol">
      <UniqueIdentifier>{a495bcdb-4b90-4db7-bda1-198086de5c71}</UniqueIdentifier>
    </Filter>
    <Filter Include="protocol_src">
      <UniqueIdentifier>{69327f35-b807-4908-a9a1-7b3ef875885e}</UniqueIdentifier>
    </Filter>
  </ItemGroup>
  <ItemGroup>
    <ClInclude Include="pch.h" />
    <ClInclude Include="..\ChatCore\chating.h">
      <Filter>chatcore</Filter>
    </ClInclude>
    <ClInclude Include="..\ChatCore\chatingData.h">
      <Filter>chatcore</Filter>
    </ClInclude>
    <ClInclude Include="..\Protocol\Src\chatAsc_Protocol.h">
      <Filter>protocol_src</Filter>
    </ClInclude>
    <ClInclude Include="..\Protocol\Src\chatAsc_ProtocolData.h">
      <Filter>protocol_src</Filter>
    </ClInclude>
    <ClInclude Include="..\Protocol\Src\chatAsc_ProtocolHandler.h">
      <Filter>protocol_src</Filter>
    </ClInclude>
    <ClInclude Include="..\Protocol\Src\chatBin_Protocol.h">
      <Filter>protocol_src</Filter>
    </ClInclude>
    <ClInclude Include="..\Protocol\Src\chatBin_ProtocolData.h">
      <Filter>protocol_src</Filter>
    </ClInclude>
    <ClInclude Include="..\Protocol\Src\chatBin_ProtocolHandler.h">
      <Filter>protocol_src</Filter>
    </ClInclude>
  </ItemGroup>
  <ItemGroup>
    <ClCompile Include="main.cpp" />
    <ClCompile Include="pch.cpp" />
    <ClCompile Include="..\ChatCore\chating.cpp">
      <Filter>chatcore</Filter>
    </ClCompile>
    <ClCompile Include="..\ChatCore\chatingData.cpp">
      <Filter>chatcore</Filter>
    </ClCompile>
    <ClCompile Include="..\Protocol\Src\chatAsc_Protocol.cpp">
      <Filter>protocol_src</Filter>
    </ClCompile>
    <ClCompile Include="..\Protocol\Src\chatAsc_ProtocolHandler.cpp">
      <Filter>protocol_src</Filter>
    </ClCompile>
    <ClCompile Include="..\Protocol\Src\chatBin_Protocol.cpp">
      <Filter>protocol_src</Filter>
    </ClCompile>
    <ClCompile Include="..\Protocol\Src\chatBin_ProtocolHandler.cpp">
      <Filter>protocol_src</Filter>
    </ClCompile>
  </ItemGroup>
  <ItemGroup>
    <CustomBuild Include="..\Protocol\chatAsc.prt">
      <Filter>protocol</Filter>
    </CustomBuild>
    <CustomBuild Include="..\Protocol\chatBin.prt">
      <Filter>protocol</Filter>
    </CustomBuild>
  </ItemGroup>
</Project>