
Microsoft Visual Studio Solution File, Format Version 12.00
# Visual Studio 14
VisualStudioVersion = 14.0.25420.1
MinimumVisualStudioVersion = 10.0.40219.1
Project("{8BC9CEB8-8B4A-11D0-8D11-00A0C91BC942}") = "NetCommon-VS2015", "..\NetCommon\NetCommon-VS2015.vcxproj", "{EF9CA22D-0C8F-42E9-AB66-98BC1A640F10}"
EndProject
Project("{8BC9CEB8-8B4A-11D0-8D11-00A0C91BC942}") = "Network2-VS2015", "..\Network2\Network2-VS2015.vcxproj", "{B98E9721-F7A3-4E2D-A7A1-7708CB2D0D6E}"
EndProject
Project("{8BC9CEB8-8B4A-11D0-8D11-00A0C91BC942}") = "TcpClient-VS2015", "TcpClient\TcpClient-VS2015.vcxproj", "{A148A02B-6673-4212-8553-B662B147CFF0}"
EndProject
Project("{8BC9CEB8-8B4A-11D0-8D11-00A0C91BC942}") = "TcpServer-VS2015", "TcpServer\TcpServer-VS2015.vcxproj", "{D49CA96F-0F57-4D36-B0C2-A1A369462627}"
EndProject
Project("{8BC9CEB8-8B4A-11D0-8D11-00A0C91BC942}") = "TestAcsClient-VS2015", "TestAcsClient\TestAcsClient-VS2015.vcxproj", "{6CE9D39E-EEE6-4426-98DD-0DBB74D261C6}"
EndProject
Project("{8BC9CEB8-8B4A-11D0-8D11-00A0C91BC942}") = "TestAcsServer-VS2015", "TestAcsServer\TestAcsServer-VS2015.vcxproj", "{FD0FD9D1-9D17-4AE2-972C-83F95B74F6E7}"
EndProject
Project("{8BC9CEB8-8B4A-11D0-8D11-00A0C91BC942}") = "TestAsciiPacket-VS2015", "TestAsciiPacket\TestAsciiPacket-VS2015.vcxproj", "{0E38EC00-3E45-4733-9115-A2752E3544F2}"
EndProject
Project("{8BC9CEB8-8B4A-11D0-8D11-00A0C91BC942}") = "UdpServer-VS2015", "UdpServer\UdpServer-VS2015.vcxproj", "{D21C8965-A3A7-4269-BAC1-A3A0C4169A77}"
EndProject
Project("{8BC9CEB8-8B4A-11D0-8D11-00A0C91BC942}") = "ACS-VS2015", "..\ACS\ACS-VS2015.vcxproj", "{12A0FE64-A140-488B-BC7C-C92335283D7E}"
EndProject
Project("{8BC9CEB8-8B4A-11D0-8D11-00A0C91BC942}") = "RtsrRecv", "RtsrRecv\RtsrRecv.vcxproj", "{E61A83D0-FD8C-498C-8BCE-5E0BA47BA4BA}"
EndProject
Global
	GlobalSection(SolutionConfigurationPlatforms) = preSolution
		Debug|x86 = Debug|x86
		Release|x86 = Release|x86
	EndGlobalSection
	GlobalSection(ProjectConfigurationPlatforms) = postSolution
		{EF9CA22D-0C8F-42E9-AB66-98BC1A640F10}.Debug|x64.ActiveCfg = Debug|x64
		{EF9CA22D-0C8F-42E9-AB66-98BC1A640F10}.Debug|x64.Build.0 = Debug|x64
		{EF9CA22D-0C8F-42E9-AB66-98BC1A640F10}.Debug|x86.ActiveCfg = Debug|Win32
		{EF9CA22D-0C8F-42E9-AB66-98BC1A640F10}.Debug|x86.Build.0 = Debug|Win32
		{EF9CA22D-0C8F-42E9-AB66-98BC1A640F10}.Release|x64.ActiveCfg = Release|x64
		{EF9CA22D-0C8F-42E9-AB66-98BC1A640F10}.Release|x64.Build.0 = Release|x64
		{EF9CA22D-0C8F-42E9-AB66-98BC1A640F10}.Release|x86.ActiveCfg = Release|Win32
		{EF9CA22D-0C8F-42E9-AB66-98BC1A640F10}.Release|x86.Build.0 = Release|Win32
		{B98E9721-F7A3-4E2D-A7A1-7708CB2D0D6E}.Debug|x64.ActiveCfg = Debug|x64
		{B98E9721-F7A3-4E2D-A7A1-7708CB2D0D6E}.Debug|x64.Build.0 = Debug|x64
		{B98E9721-F7A3-4E2D-A7A1-7708CB2D0D6E}.Debug|x86.ActiveCfg = Debug|Win32
		{B98E9721-F7A3-4E2D-A7A1-7708CB2D0D6E}.Debug|x86.Build.0 = Debug|Win32
		{B98E9721-F7A3-4E2D-A7A1-7708CB2D0D6E}.Release|x64.ActiveCfg = Release|x64
		{B98E9721-F7A3-4E2D-A7A1-7708CB2D0D6E}.Release|x64.Build.0 = Release|x64
		{B98E9721-F7A3-4E2D-A7A1-7708CB2D0D6E}.Release|x86.ActiveCfg = Release|Win32
		{B98E9721-F7A3-4E2D-A7A1-7708CB2D0D6E}.Release|x86.Build.0 = Release|Win32
		{A148A02B-6673-4212-8553-B662B147CFF0}.Debug|x64.ActiveCfg = Debug|x64
		{A148A02B-6673-4212-8553-B662B147CFF0}.Debug|x64.Build.0 = Debug|x64
		{A148A02B-6673-4212-8553-B662B147CFF0}.Debug|x86.ActiveCfg = Debug|Win32
		{A148A02B-6673-4212-8553-B662B147CFF0}.Debug|x86.Build.0 = Debug|Win32
		{A148A02B-6673-4212-8553-B662B147CFF0}.Release|x64.ActiveCfg = Release|x64
		{A148A02B-6673-4212-8553-B662B147CFF0}.Release|x64.Build.0 = Release|x64
		{A148A02B-6673-4212-8553-B662B147CFF0}.Release|x86.ActiveCfg = Release|Win32
		{A148A02B-6673-4212-8553-B662B147CFF0}.Release|x86.Build.0 = Release|Win32
		{D49CA96F-0F57-4D36-B0C2-A1A369462627}.Debug|x64.ActiveCfg = Debug|x64
		{D49CA96F-0F57-4D36-B0C2-A1A369462627}.Debug|x64.Build.0 = Debug|x64
		{D49CA96F-0F57-4D36-B0C2-A1A369462627}.Debug|x86.ActiveCfg = Debug|Win32
		{D49CA96F-0F57-4D36-B0C2-A1A369462627}.Debug|x86.Build.0 = Debug|Win32
		{D49CA96F-0F57-4D36-B0C2-A1A369462627}.Release|x64.ActiveCfg = Release|x64
		{D49CA96F-0F57-4D36-B0C2-A1A369462627}.Release|x64.Build.0 = Release|x64
		{D49CA96F-0F57-4D36-B0C2-A1A369462627}.Release|x86.ActiveCfg = Release|Win32
		{D49CA96F-0F57-4D36-B0C2-A1A369462627}.Release|x86.Build.0 = Release|Win32
		{6CE9D39E-EEE6-4426-98DD-0DBB74D261C6}.Debug|x64.ActiveCfg = Debug|x64
		{6CE9D39E-EEE6-4426-98DD-0DBB74D261C6}.Debug|x64.Build.0 = Debug|x64
		{6CE9D39E-EEE6-4426-98DD-0DBB74D261C6}.Debug|x86.ActiveCfg = Debug|Win32
		{6CE9D39E-EEE6-4426-98DD-0DBB74D261C6}.Debug|x86.Build.0 = Debug|Win32
		{6CE9D39E-EEE6-4426-98DD-0DBB74D261C6}.Release|x64.ActiveCfg = Release|x64
		{6CE9D39E-EEE6-4426-98DD-0DBB74D261C6}.Release|x64.Build.0 = Release|x64
		{6CE9D39E-EEE6-4426-98DD-0DBB74D261C6}.Release|x86.ActiveCfg = Release|Win32
		{6CE9D39E-EEE6-4426-98DD-0DBB74D261C6}.Release|x86.Build.0 = Release|Win32
		{FD0FD9D1-9D17-4AE2-972C-83F95B74F6E7}.Debug|x64.ActiveCfg = Debug|x64
		{FD0FD9D1-9D17-4AE2-972C-83F95B74F6E7}.Debug|x64.Build.0 = Debug|x64
		{FD0FD9D1-9D17-4AE2-972C-83F95B74F6E7}.Debug|x86.ActiveCfg = Debug|Win32
		{FD0FD9D1-9D17-4AE2-972C-83F95B74F6E7}.Debug|x86.Build.0 = Debug|Win32
		{FD0FD9D1-9D17-4AE2-972C-83F95B74F6E7}.Release|x64.ActiveCfg = Release|x64
		{FD0FD9D1-9D17-4AE2-972C-83F95B74F6E7}.Release|x64.Build.0 = Release|x64
		{FD0FD9D1-9D17-4AE2-972C-83F95B74F6E7}.Release|x86.ActiveCfg = Release|Win32
		{FD0FD9D1-9D17-4AE2-972C-83F95B74F6E7}.Release|x86.Build.0 = Release|Win32
		{0E38EC00-3E45-4733-9115-A2752E3544F2}.Debug|x64.ActiveCfg = Debug|x64
		{0E38EC00-3E45-4733-9115-A2752E3544F2}.Debug|x64.Build.0 = Debug|x64
		{0E38EC00-3E45-4733-9115-A2752E3544F2}.Debug|x86.ActiveCfg = Debug|Win32
		{0E38EC00-3E45-4733-9115-A2752E3544F2}.Debug|x86.Build.0 = Debug|Win32
		{0E38EC00-3E45-4733-9115-A2752E3544F2}.Release|x64.ActiveCfg = Release|x64
		{0E38EC00-3E45-4733-9115-A2752E3544F2}.Release|x64.Build.0 = Release|x64
		{0E38EC00-3E45-4733-9115-A2752E3544F2}.Release|x86.ActiveCfg = Release|Win32
		{0E38EC00-3E45-4733-9115-A2752E3544F2}.Release|x86.Build.0 = Release|Win32
		{D21C8965-A3A7-4269-BAC1-A3A0C4169A77}.Debug|x64.ActiveCfg = Debug|x64
		{D21C8965-A3A7-4269-BAC1-A3A0C4169A77}.Debug|x64.Build.0 = Debug|x64
		{D21C8965-A3A7-4269-BAC1-A3A0C4169A77}.Debug|x86.ActiveCfg = Debug|Win32
		{D21C8965-A3A7-4269-BAC1-A3A0C4169A77}.Debug|x86.Build.0 = Debug|Win32
		{D21C8965-A3A7-4269-BAC1-A3A0C4169A77}.Release|x64.ActiveCfg = Release|x64
		{D21C8965-A3A7-4269-BAC1-A3A0C4169A77}.Release|x64.Build.0 = Release|x64
		{D21C8965-A3A7-4269-BAC1-A3A0C4169A77}.Release|x86.ActiveCfg = Release|Win32
		{D21C8965-A3A7-4269-BAC1-A3A0C4169A77}.Release|x86.Build.0 = Release|Win32
		{12A0FE64-A140-488B-BC7C-C92335283D7E}.Debug|x64.ActiveCfg = Debug|x64
		{12A0FE64-A140-488B-BC7C-C92335283D7E}.Debug|x64.Build.0 = Debug|x64
		{12A0FE64-A140-488B-BC7C-C92335283D7E}.Debug|x86.ActiveCfg = Debug|Win32
		{12A0FE64-A140-488B-BC7C-C92335283D7E}.Debug|x86.Build.0 = Debug|Win32
		{12A0FE64-A140-488B-BC7C-C92335283D7E}.Release|x64.ActiveCfg = Release|x64
		{12A0FE64-A140-488B-BC7C-C92335283D7E}.Release|x64.Build.0 = Release|x64
		{12A0FE64-A140-488B-BC7C-C92335283D7E}.Release|x86.ActiveCfg = Release|Win32
		{12A0FE64-A140-488B-BC7C-C92335283D7E}.Release|x86.Build.0 = Release|Win32
		{E61A83D0-FD8C-498C-8BCE-5E0BA47BA4BA}.Debug|x64.ActiveCfg = Debug|x64
		{E61A83D0-FD8C-498C-8BCE-5E0BA47BA4BA}.Debug|x64.Build.0 = Debug|x64
		{E61A83D0-FD8C-498C-8BCE-5E0BA47BA4BA}.Debug|x86.ActiveCfg = Debug|Win32
		{E61A83D0-FD8C-498C-8BCE-5E0BA47BA4BA}.Debug|x86.Build.0 = Debug|Win32
		{E61A83D0-FD8C-498C-8BCE-5E0BA47BA4BA}.Release|x64.ActiveCfg = Release|x64
		{E61A83D0-FD8C-498C-8BCE-5E0BA47BA4BA}.Release|x64.Build.0 = Release|x64
		{E61A83D0-FD8C-498C-8BCE-5E0BA47BA4BA}.Release|x86.ActiveCfg = Release|Win32
		{E61A83D0-FD8C-498C-8BCE-5E0BA47BA4BA}.Release|x86.Build.0 = Release|Win32
	EndGlobalSection
	GlobalSection(SolutionProperties) = preSolution
		HideSolutionNode = FALSE
	EndGlobalSection
	GlobalSection(ExtensibilityGlobals) = postSolution
		SolutionGuid = {6AAFBEEA-83F4-4847-B797-9682B1CE2E87}
	EndGlobalSection
EndGlobal
